
Microsoft Visual Studio Solution File, Format Version 12.00
# Visual Studio 15
VisualStudioVersion = 15.0.28010.2036
MinimumVisualStudioVersion = 10.0.40219.1
Project("{FAE04EC0-301F-11D3-BF4B-00C04F79EFBC}") = "Russia2018.Android", "Russia2018\Russia2018.Android\Russia2018.Android.csproj", "{4BD9C65D-9D91-4B5C-9DB4-7D9C51A81544}"
EndProject
Project("{FAE04EC0-301F-11D3-BF4B-00C04F79EFBC}") = "Russia2018.iOS", "Russia2018\Russia2018.iOS\Russia2018.iOS.csproj", "{8204EDB5-1FE9-4B7C-BBCC-8D532F4BCBC3}"
EndProject
Project("{FAE04EC0-301F-11D3-BF4B-00C04F79EFBC}") = "Russia2018", "Russia2018\Russia2018\Russia2018.csproj", "{A2067C95-5D99-4EF5-B1FC-89918A8D6436}"
EndProject
Global
	GlobalSection(SolutionConfigurationPlatforms) = preSolution
		Ad-Hoc|Any CPU = Ad-Hoc|Any CPU
		Ad-Hoc|iPhone = Ad-Hoc|iPhone
		Ad-Hoc|iPhoneSimulator = Ad-Hoc|iPhoneSimulator
		AppStore|Any CPU = AppStore|Any CPU
		AppStore|iPhone = AppStore|iPhone
		AppStore|iPhoneSimulator = AppStore|iPhoneSimulator
		Debug|Any CPU = Debug|Any CPU
		Debug|iPhone = Debug|iPhone
		Debug|iPhoneSimulator = Debug|iPhoneSimulator
		Release|Any CPU = Release|Any CPU
		Release|iPhone = Release|iPhone
		Release|iPhoneSimulator = Release|iPhoneSimulator
	EndGlobalSection
	GlobalSection(ProjectConfigurationPlatforms) = postSolution
		{4BD9C65D-9D91-4B5C-9DB4-7D9C51A81544}.Ad-Hoc|Any CPU.ActiveCfg = Release|Any CPU
		{4BD9C65D-9D91-4B5C-9DB4-7D9C51A81544}.Ad-Hoc|Any CPU.Build.0 = Release|Any CPU
		{4BD9C65D-9D91-4B5C-9DB4-7D9C51A81544}.Ad-Hoc|Any CPU.Deploy.0 = Release|Any CPU
		{4BD9C65D-9D91-4B5C-9DB4-7D9C51A81544}.Ad-Hoc|iPhone.ActiveCfg = Release|Any CPU
		{4BD9C65D-9D91-4B5C-9DB4-7D9C51A81544}.Ad-Hoc|iPhone.Build.0 = Release|Any CPU
		{4BD9C65D-9D91-4B5C-9DB4-7D9C51A81544}.Ad-Hoc|iPhone.Deploy.0 = Release|Any CPU
		{4BD9C65D-9D91-4B5C-9DB4-7D9C51A81544}.Ad-Hoc|iPhoneSimulator.ActiveCfg = Release|Any CPU
		{4BD9C65D-9D91-4B5C-9DB4-7D9C51A81544}.Ad-Hoc|iPhoneSimulator.Build.0 = Release|Any CPU
		{4BD9C65D-9D91-4B5C-9DB4-7D9C51A81544}.Ad-Hoc|iPhoneSimulator.Deploy.0 = Release|Any CPU
		{4BD9C65D-9D91-4B5C-9DB4-7D9C51A81544}.AppStore|Any CPU.ActiveCfg = Release|Any CPU
		{4BD9C65D-9D91-4B5C-9DB4-7D9C51A81544}.AppStore|Any CPU.Build.0 = Release|Any CPU
		{4BD9C65D-9D91-4B5C-9DB4-7D9C51A81544}.AppStore|Any CPU.Deploy.0 = Release|Any CPU
		{4BD9C65D-9D91-4B5C-9DB4-7D9C51A81544}.AppStore|iPhone.ActiveCfg = Release|Any CPU
		{4BD9C65D-9D91-4B5C-9DB4-7D9C51A81544}.AppStore|iPhone.Build.0 = Release|Any CPU
		{4BD9C65D-9D91-4B5C-9DB4-7D9C51A81544}.AppStore|iPhone.Deploy.0 = Release|Any CPU
		{4BD9C65D-9D91-4B5C-9DB4-7D9C51A81544}.AppStore|iPhoneSimulator.ActiveCfg = Release|Any CPU
		{4BD9C65D-9D91-4B5C-9DB4-7D9C51A81544}.AppStore|iPhoneSimulator.Build.0 = Release|Any CPU
		{4BD9C65D-9D91-4B5C-9DB4-7D9C51A81544}.AppStore|iPhoneSimulator.Deploy.0 = Release|Any CPU
		{4BD9C65D-9D91-4B5C-9DB4-7D9C51A81544}.Debug|Any CPU.ActiveCfg = Debug|Any CPU
		{4BD9C65D-9D91-4B5C-9DB4-7D9C51A81544}.Debug|Any CPU.Build.0 = Debug|Any CPU
		{4BD9C65D-9D91-4B5C-9DB4-7D9C51A81544}.Debug|Any CPU.Deploy.0 = Debug|Any CPU
		{4BD9C65D-9D91-4B5C-9DB4-7D9C51A81544}.Debug|iPhone.ActiveCfg = Debug|Any CPU
		{4BD9C65D-9D91-4B5C-9DB4-7D9C51A81544}.Debug|iPhone.Build.0 = Debug|Any CPU
		{4BD9C65D-9D91-4B5C-9DB4-7D9C51A81544}.Debug|iPhone.Deploy.0 = Debug|Any CPU
		{4BD9C65D-9D91-4B5C-9DB4-7D9C51A81544}.Debug|iPhoneSimulator.ActiveCfg = Debug|Any CPU
		{4BD9C65D-9D91-4B5C-9DB4-7D9C51A81544}.Debug|iPhoneSimulator.Build.0 = Debug|Any CPU
		{4BD9C65D-9D91-4B5C-9DB4-7D9C51A81544}.Debug|iPhoneSimulator.Deploy.0 = Debug|Any CPU
		{4BD9C65D-9D91-4B5C-9DB4-7D9C51A81544}.Release|Any CPU.ActiveCfg = Release|Any CPU
		{4BD9C65D-9D91-4B5C-9DB4-7D9C51A81544}.Release|Any CPU.Build.0 = Release|Any CPU
		{4BD9C65D-9D91-4B5C-9DB4-7D9C51A81544}.Release|Any CPU.Deploy.0 = Release|Any CPU
		{4BD9C65D-9D91-4B5C-9DB4-7D9C51A81544}.Release|iPhone.ActiveCfg = Release|Any CPU
		{4BD9C65D-9D91-4B5C-9DB4-7D9C51A81544}.Release|iPhone.Build.0 = Release|Any CPU
		{4BD9C65D-9D91-4B5C-9DB4-7D9C51A81544}.Release|iPhone.Deploy.0 = Release|Any CPU
		{4BD9C65D-9D91-4B5C-9DB4-7D9C51A81544}.Release|iPhoneSimulator.ActiveCfg = Release|Any CPU
		{4BD9C65D-9D91-4B5C-9DB4-7D9C51A81544}.Release|iPhoneSimulator.Build.0 = Release|Any CPU
		{4BD9C65D-9D91-4B5C-9DB4-7D9C51A81544}.Release|iPhoneSimulator.Deploy.0 = Release|Any CPU
		{8204EDB5-1FE9-4B7C-BBCC-8D532F4BCBC3}.Ad-Hoc|Any CPU.ActiveCfg = Ad-Hoc|iPhone
		{8204EDB5-1FE9-4B7C-BBCC-8D532F4BCBC3}.Ad-Hoc|Any CPU.Build.0 = Ad-Hoc|iPhone
		{8204EDB5-1FE9-4B7C-BBCC-8D532F4BCBC3}.Ad-Hoc|Any CPU.Deploy.0 = Ad-Hoc|iPhone
		{8204EDB5-1FE9-4B7C-BBCC-8D532F4BCBC3}.Ad-Hoc|iPhone.ActiveCfg = Ad-Hoc|iPhone
		{8204EDB5-1FE9-4B7C-BBCC-8D532F4BCBC3}.Ad-Hoc|iPhone.Build.0 = Ad-Hoc|iPhone
		{8204EDB5-1FE9-4B7C-BBCC-8D532F4BCBC3}.Ad-Hoc|iPhone.Deploy.0 = Ad-Hoc|iPhone
		{8204EDB5-1FE9-4B7C-BBCC-8D532F4BCBC3}.Ad-Hoc|iPhoneSimulator.ActiveCfg = Ad-Hoc|iPhoneSimulator
		{8204EDB5-1FE9-4B7C-BBCC-8D532F4BCBC3}.Ad-Hoc|iPhoneSimulator.Build.0 = Ad-Hoc|iPhoneSimulator
		{8204EDB5-1FE9-4B7C-BBCC-8D532F4BCBC3}.Ad-Hoc|iPhoneSimulator.Deploy.0 = Ad-Hoc|iPhoneSimulator
		{8204EDB5-1FE9-4B7C-BBCC-8D532F4BCBC3}.AppStore|Any CPU.ActiveCfg = AppStore|iPhone
		{8204EDB5-1FE9-4B7C-BBCC-8D532F4BCBC3}.AppStore|Any CPU.Build.0 = AppStore|iPhone
		{8204EDB5-1FE9-4B7C-BBCC-8D532F4BCBC3}.AppStore|Any CPU.Deploy.0 = AppStore|iPhone
		{8204EDB5-1FE9-4B7C-BBCC-8D532F4BCBC3}.AppStore|iPhone.ActiveCfg = AppStore|iPhone
		{8204EDB5-1FE9-4B7C-BBCC-8D532F4BCBC3}.AppStore|iPhone.Build.0 = AppStore|iPhone
		{8204EDB5-1FE9-4B7C-BBCC-8D532F4BCBC3}.AppStore|iPhone.Deploy.0 = AppStore|iPhone
		{8204EDB5-1FE9-4B7C-BBCC-8D532F4BCBC3}.AppStore|iPhoneSimulator.ActiveCfg = AppStore|iPhoneSimulator
		{8204EDB5-1FE9-4B7C-BBCC-8D532F4BCBC3}.AppStore|iPhoneSimulator.Build.0 = AppStore|iPhoneSimulator
		{8204EDB5-1FE9-4B7C-BBCC-8D532F4BCBC3}.AppStore|iPhoneSimulator.Deploy.0 = AppStore|iPhoneSimulator
		{8204EDB5-1FE9-4B7C-BBCC-8D532F4BCBC3}.Debug|Any CPU.ActiveCfg = Debug|iPhoneSimulator
		{8204EDB5-1FE9-4B7C-BBCC-8D532F4BCBC3}.Debug|Any CPU.Build.0 = Debug|iPhoneSimulator
		{8204EDB5-1FE9-4B7C-BBCC-8D532F4BCBC3}.Debug|Any CPU.Deploy.0 = Debug|iPhoneSimulator
		{8204EDB5-1FE9-4B7C-BBCC-8D532F4BCBC3}.Debug|iPhone.ActiveCfg = Debug|iPhone
		{8204EDB5-1FE9-4B7C-BBCC-8D532F4BCBC3}.Debug|iPhone.Build.0 = Debug|iPhone
		{8204EDB5-1FE9-4B7C-BBCC-8D532F4BCBC3}.Debug|iPhone.Deploy.0 = Debug|iPhone
		{8204EDB5-1FE9-4B7C-BBCC-8D532F4BCBC3}.Debug|iPhoneSimulator.ActiveCfg = Debug|iPhoneSimulator
		{8204EDB5-1FE9-4B7C-BBCC-8D532F4BCBC3}.Debug|iPhoneSimulator.Build.0 = Debug|iPhoneSimulator
		{8204EDB5-1FE9-4B7C-BBCC-8D532F4BCBC3}.Debug|iPhoneSimulator.Deploy.0 = Debug|iPhoneSimulator
		{8204EDB5-1FE9-4B7C-BBCC-8D532F4BCBC3}.Release|Any CPU.ActiveCfg = Release|iPhone
		{8204EDB5-1FE9-4B7C-BBCC-8D532F4BCBC3}.Release|Any CPU.Build.0 = Release|iPhone
		{8204EDB5-1FE9-4B7C-BBCC-8D532F4BCBC3}.Release|Any CPU.Deploy.0 = Release|iPhone
		{8204EDB5-1FE9-4B7C-BBCC-8D532F4BCBC3}.Release|iPhone.ActiveCfg = Release|iPhone
		{8204EDB5-1FE9-4B7C-BBCC-8D532F4BCBC3}.Release|iPhone.Build.0 = Release|iPhone
		{8204EDB5-1FE9-4B7C-BBCC-8D532F4BCBC3}.Release|iPhone.Deploy.0 = Release|iPhone
		{8204EDB5-1FE9-4B7C-BBCC-8D532F4BCBC3}.Release|iPhoneSimulator.ActiveCfg = Release|iPhoneSimulator
		{8204EDB5-1FE9-4B7C-BBCC-8D532F4BCBC3}.Release|iPhoneSimulator.Build.0 = Release|iPhoneSimulator
		{8204EDB5-1FE9-4B7C-BBCC-8D532F4BCBC3}.Release|iPhoneSimulator.Deploy.0 = Release|iPhoneSimulator
		{A2067C95-5D99-4EF5-B1FC-89918A8D6436}.Ad-Hoc|Any CPU.ActiveCfg = Debug|Any CPU
		{A2067C95-5D99-4EF5-B1FC-89918A8D6436}.Ad-Hoc|Any CPU.Build.0 = Debug|Any CPU
		{A2067C95-5D99-4EF5-B1FC-89918A8D6436}.Ad-Hoc|Any CPU.Deploy.0 = Debug|Any CPU
		{A2067C95-5D99-4EF5-B1FC-89918A8D6436}.Ad-Hoc|iPhone.ActiveCfg = Debug|Any CPU
		{A2067C95-5D99-4EF5-B1FC-89918A8D6436}.Ad-Hoc|iPhone.Build.0 = Debug|Any CPU
		{A2067C95-5D99-4EF5-B1FC-89918A8D6436}.Ad-Hoc|iPhone.Deploy.0 = Debug|Any CPU
		{A2067C95-5D99-4EF5-B1FC-89918A8D6436}.Ad-Hoc|iPhoneSimulator.ActiveCfg = Debug|Any CPU
		{A2067C95-5D99-4EF5-B1FC-89918A8D6436}.Ad-Hoc|iPhoneSimulator.Build.0 = Debug|Any CPU
		{A2067C95-5D99-4EF5-B1FC-89918A8D6436}.Ad-Hoc|iPhoneSimulator.Deploy.0 = Debug|Any CPU
		{A2067C95-5D99-4EF5-B1FC-89918A8D6436}.AppStore|Any CPU.ActiveCfg = Debug|Any CPU
		{A2067C95-5D99-4EF5-B1FC-89918A8D6436}.AppStore|Any CPU.Build.0 = Debug|Any CPU
		{A2067C95-5D99-4EF5-B1FC-89918A8D6436}.AppStore|Any CPU.Deploy.0 = Debug|Any CPU
		{A2067C95-5D99-4EF5-B1FC-89918A8D6436}.AppStore|iPhone.ActiveCfg = Debug|Any CPU
		{A2067C95-5D99-4EF5-B1FC-89918A8D6436}.AppStore|iPhone.Build.0 = Debug|Any CPU
		{A2067C95-5D99-4EF5-B1FC-89918A8D6436}.AppStore|iPhone.Deploy.0 = Debug|Any CPU
		{A2067C95-5D99-4EF5-B1FC-89918A8D6436}.AppStore|iPhoneSimulator.ActiveCfg = Debug|Any CPU
		{A2067C95-5D99-4EF5-B1FC-89918A8D6436}.AppStore|iPhoneSimulator.Build.0 = Debug|Any CPU
		{A2067C95-5D99-4EF5-B1FC-89918A8D6436}.AppStore|iPhoneSimulator.Deploy.0 = Debug|Any CPU
		{A2067C95-5D99-4EF5-B1FC-89918A8D6436}.Debug|Any CPU.ActiveCfg = Debug|Any CPU
		{A2067C95-5D99-4EF5-B1FC-89918A8D6436}.Debug|Any CPU.Build.0 = Debug|Any CPU
		{A2067C95-5D99-4EF5-B1FC-89918A8D6436}.Debug|Any CPU.Deploy.0 = Debug|Any CPU
		{A2067C95-5D99-4EF5-B1FC-89918A8D6436}.Debug|iPhone.ActiveCfg = Debug|Any CPU
		{A2067C95-5D99-4EF5-B1FC-89918A8D6436}.Debug|iPhone.Build.0 = Debug|Any CPU
		{A2067C95-5D99-4EF5-B1FC-89918A8D6436}.Debug|iPhone.Deploy.0 = Debug|Any CPU
		{A2067C95-5D99-4EF5-B1FC-89918A8D6436}.Debug|iPhoneSimulator.ActiveCfg = Debug|Any CPU
		{A2067C95-5D99-4EF5-B1FC-89918A8D6436}.Debug|iPhoneSimulator.Build.0 = Debug|Any CPU
		{A2067C95-5D99-4EF5-B1FC-89918A8D6436}.Debug|iPhoneSimulator.Deploy.0 = Debug|Any CPU
		{A2067C95-5D99-4EF5-B1FC-89918A8D6436}.Release|Any CPU.ActiveCfg = Release|Any CPU
		{A2067C95-5D99-4EF5-B1FC-89918A8D6436}.Release|Any CPU.Build.0 = Release|Any CPU
		{A2067C95-5D99-4EF5-B1FC-89918A8D6436}.Release|Any CPU.Deploy.0 = Release|Any CPU
		{A2067C95-5D99-4EF5-B1FC-89918A8D6436}.Release|iPhone.ActiveCfg = Release|Any CPU
		{A2067C95-5D99-4EF5-B1FC-89918A8D6436}.Release|iPhone.Build.0 = Release|Any CPU
		{A2067C95-5D99-4EF5-B1FC-89918A8D6436}.Release|iPhone.Deploy.0 = Release|Any CPU
		{A2067C95-5D99-4EF5-B1FC-89918A8D6436}.Release|iPhoneSimulator.ActiveCfg = Release|Any CPU
		{A2067C95-5D99-4EF5-B1FC-89918A8D6436}.Release|iPhoneSimulator.Build.0 = Release|Any CPU
		{A2067C95-5D99-4EF5-B1FC-89918A8D6436}.Release|iPhoneSimulator.Deploy.0 = Release|Any CPU
	EndGlobalSection
	GlobalSection(SolutionProperties) = preSolution
		HideSolutionNode = FALSE
	EndGlobalSection
	GlobalSection(ExtensibilityGlobals) = postSolution
		SolutionGuid = {C0C1A778-4EF5-42FD-A4A6-D6E4D9EA0624}
	EndGlobalSection
EndGlobal
